
Microsoft Visual Studio Solution File, Format Version 12.00
# Visual Studio Version 17
VisualStudioVersion = 17.10.35013.160
MinimumVisualStudioVersion = 10.0.40219.1
Project("{FAE04EC0-301F-11D3-BF4B-00C04F79EFBC}") = "PromomashInc.Server", "PromomashInc.Server\PromomashInc.Server.csproj", "{BAA8A67A-D8B8-4CF7-8839-CFDBF1B4C4A3}"
EndProject
Project("{54A90642-561A-4BB1-A94E-469ADEE60C69}") = "promomashinc.client", "promomashinc.client\promomashinc.client.esproj", "{3B6FB6CF-3702-4E17-AAB4-F8854DB24849}"
EndProject
Global
	GlobalSection(SolutionConfigurationPlatforms) = preSolution
		Debug|Any CPU = Debug|Any CPU
		Release|Any CPU = Release|Any CPU
	EndGlobalSection
	GlobalSection(ProjectConfigurationPlatforms) = postSolution
		{BAA8A67A-D8B8-4CF7-8839-CFDBF1B4C4A3}.Debug|Any CPU.ActiveCfg = Debug|Any CPU
		{BAA8A67A-D8B8-4CF7-8839-CFDBF1B4C4A3}.Debug|Any CPU.Build.0 = Debug|Any CPU
		{BAA8A67A-D8B8-4CF7-8839-CFDBF1B4C4A3}.Release|Any CPU.ActiveCfg = Release|Any CPU
		{BAA8A67A-D8B8-4CF7-8839-CFDBF1B4C4A3}.Release|Any CPU.Build.0 = Release|Any CPU
		{3B6FB6CF-3702-4E17-AAB4-F8854DB24849}.Debug|Any CPU.ActiveCfg = Debug|Any CPU
		{3B6FB6CF-3702-4E17-AAB4-F8854DB24849}.Debug|Any CPU.Build.0 = Debug|Any CPU
		{3B6FB6CF-3702-4E17-AAB4-F8854DB24849}.Debug|Any CPU.Deploy.0 = Debug|Any CPU
		{3B6FB6CF-3702-4E17-AAB4-F8854DB24849}.Release|Any CPU.ActiveCfg = Release|Any CPU
		{3B6FB6CF-3702-4E17-AAB4-F8854DB24849}.Release|Any CPU.Build.0 = Release|Any CPU
		{3B6FB6CF-3702-4E17-AAB4-F8854DB24849}.Release|Any CPU.Deploy.0 = Release|Any CPU
	EndGlobalSection
	GlobalSection(SolutionProperties) = preSolution
		HideSolutionNode = FALSE
	EndGlobalSection
	GlobalSection(ExtensibilityGlobals) = postSolution
		SolutionGuid = {A999093A-C9A8-41B8-8B9D-FBC2DBAA676B}
	EndGlobalSection
EndGlobal
