
Microsoft Visual Studio Solution File, Format Version 12.00
# Visual Studio Version 17
VisualStudioVersion = 17.10.35013.160
MinimumVisualStudioVersion = 10.0.40219.1
Project("{9A19103F-16F7-4668-BE54-9A1E7A4F7556}") = "PromomashInc.Server", "PromomashInc.Server\PromomashInc.Server.csproj", "{BAA8A67A-D8B8-4CF7-8839-CFDBF1B4C4A3}"
EndProject
Project("{54A90642-561A-4BB1-A94E-469ADEE60C69}") = "promomashinc.client", "promomashinc.client\promomashinc.client.esproj", "{3B6FB6CF-3702-4E17-AAB4-F8854DB24849}"
EndProject
Project("{9A19103F-16F7-4668-BE54-9A1E7A4F7556}") = "PromomashInc.Helpers", "PromomashInc.Helpers\PromomashInc.Helpers.csproj", "{7F6A0705-7144-41D4-AD4E-16C76E16A3EF}"
EndProject
Project("{9A19103F-16F7-4668-BE54-9A1E7A4F7556}") = "PromomashInc.DataAccess.Models", "PromomashInc.DataAccess.Models\PromomashInc.DataAccess.Models.csproj", "{80472DC6-9F0A-4C21-9180-743DAF73A96C}"
EndProject
Project("{9A19103F-16F7-4668-BE54-9A1E7A4F7556}") = "PromomashInc.DataAccess.Context", "PromomashInc.DataAccess.Context\PromomashInc.DataAccess.Context.csproj", "{918D37BF-AFDE-4D5B-9CD3-E7DB53C1ED2E}"
EndProject
Project("{9A19103F-16F7-4668-BE54-9A1E7A4F7556}") = "PromomashInc.EntitiesDto", "PromomashInc.EntitiesDto\PromomashInc.EntitiesDto.csproj", "{C6BD1BC8-7E68-42FC-AAB7-4F12FB3B2F55}"
EndProject
Project("{2150E333-8FDC-42A3-9474-1A3956D46DE8}") = "_Hosts", "_Hosts", "{17E91B69-4947-446D-AF27-6F1BA4AB0835}"
EndProject
Project("{9A19103F-16F7-4668-BE54-9A1E7A4F7556}") = "PromomashInc.Core", "PromomashInc.Core\PromomashInc.Core.csproj", "{B0AA63AD-D3FF-401C-A06C-05D43A4A80E1}"
EndProject
Project("{9A19103F-16F7-4668-BE54-9A1E7A4F7556}") = "PromomashInc.Core.Models", "PromomashInc.Core.Models\PromomashInc.Core.Models.csproj", "{5988187B-E108-4CCC-AE7A-9A51688231BE}"
EndProject
Project("{9A19103F-16F7-4668-BE54-9A1E7A4F7556}") = "PromomashInc.Mapper", "PromomashInc.Mapper\PromomashInc.Mapper.csproj", "{B61B3844-D4D1-4104-B856-90B570136DE5}"
EndProject
Project("{FAE04EC0-301F-11D3-BF4B-00C04F79EFBC}") = "PromomashInc.Tests", "PromomashInc.Tests\PromomashInc.Tests.csproj", "{A25168F5-E7F2-4081-9678-E2736B56CC59}"
EndProject
Project("{FAE04EC0-301F-11D3-BF4B-00C04F79EFBC}") = "PromomashInc.Handlers", "PromomashInc.Handlers\PromomashInc.Handlers.csproj", "{DC70DB65-7B2A-4CF8-B6CD-7E9CB1CD4A1A}"
EndProject
Global
	GlobalSection(SolutionConfigurationPlatforms) = preSolution
		Debug|Any CPU = Debug|Any CPU
		Release|Any CPU = Release|Any CPU
	EndGlobalSection
	GlobalSection(ProjectConfigurationPlatforms) = postSolution
		{BAA8A67A-D8B8-4CF7-8839-CFDBF1B4C4A3}.Debug|Any CPU.ActiveCfg = Debug|Any CPU
		{BAA8A67A-D8B8-4CF7-8839-CFDBF1B4C4A3}.Debug|Any CPU.Build.0 = Debug|Any CPU
		{BAA8A67A-D8B8-4CF7-8839-CFDBF1B4C4A3}.Release|Any CPU.ActiveCfg = Release|Any CPU
		{BAA8A67A-D8B8-4CF7-8839-CFDBF1B4C4A3}.Release|Any CPU.Build.0 = Release|Any CPU
		{3B6FB6CF-3702-4E17-AAB4-F8854DB24849}.Debug|Any CPU.ActiveCfg = Debug|Any CPU
		{3B6FB6CF-3702-4E17-AAB4-F8854DB24849}.Debug|Any CPU.Build.0 = Debug|Any CPU
		{3B6FB6CF-3702-4E17-AAB4-F8854DB24849}.Debug|Any CPU.Deploy.0 = Debug|Any CPU
		{3B6FB6CF-3702-4E17-AAB4-F8854DB24849}.Release|Any CPU.ActiveCfg = Release|Any CPU
		{3B6FB6CF-3702-4E17-AAB4-F8854DB24849}.Release|Any CPU.Build.0 = Release|Any CPU
		{3B6FB6CF-3702-4E17-AAB4-F8854DB24849}.Release|Any CPU.Deploy.0 = Release|Any CPU
		{7F6A0705-7144-41D4-AD4E-16C76E16A3EF}.Debug|Any CPU.ActiveCfg = Debug|Any CPU
		{7F6A0705-7144-41D4-AD4E-16C76E16A3EF}.Debug|Any CPU.Build.0 = Debug|Any CPU
		{7F6A0705-7144-41D4-AD4E-16C76E16A3EF}.Release|Any CPU.ActiveCfg = Release|Any CPU
		{7F6A0705-7144-41D4-AD4E-16C76E16A3EF}.Release|Any CPU.Build.0 = Release|Any CPU
		{80472DC6-9F0A-4C21-9180-743DAF73A96C}.Debug|Any CPU.ActiveCfg = Debug|Any CPU
		{80472DC6-9F0A-4C21-9180-743DAF73A96C}.Debug|Any CPU.Build.0 = Debug|Any CPU
		{80472DC6-9F0A-4C21-9180-743DAF73A96C}.Release|Any CPU.ActiveCfg = Release|Any CPU
		{80472DC6-9F0A-4C21-9180-743DAF73A96C}.Release|Any CPU.Build.0 = Release|Any CPU
		{918D37BF-AFDE-4D5B-9CD3-E7DB53C1ED2E}.Debug|Any CPU.ActiveCfg = Debug|Any CPU
		{918D37BF-AFDE-4D5B-9CD3-E7DB53C1ED2E}.Debug|Any CPU.Build.0 = Debug|Any CPU
		{918D37BF-AFDE-4D5B-9CD3-E7DB53C1ED2E}.Release|Any CPU.ActiveCfg = Release|Any CPU
		{918D37BF-AFDE-4D5B-9CD3-E7DB53C1ED2E}.Release|Any CPU.Build.0 = Release|Any CPU
		{C6BD1BC8-7E68-42FC-AAB7-4F12FB3B2F55}.Debug|Any CPU.ActiveCfg = Debug|Any CPU
		{C6BD1BC8-7E68-42FC-AAB7-4F12FB3B2F55}.Debug|Any CPU.Build.0 = Debug|Any CPU
		{C6BD1BC8-7E68-42FC-AAB7-4F12FB3B2F55}.Release|Any CPU.ActiveCfg = Release|Any CPU
		{C6BD1BC8-7E68-42FC-AAB7-4F12FB3B2F55}.Release|Any CPU.Build.0 = Release|Any CPU
		{B0AA63AD-D3FF-401C-A06C-05D43A4A80E1}.Debug|Any CPU.ActiveCfg = Debug|Any CPU
		{B0AA63AD-D3FF-401C-A06C-05D43A4A80E1}.Debug|Any CPU.Build.0 = Debug|Any CPU
		{B0AA63AD-D3FF-401C-A06C-05D43A4A80E1}.Release|Any CPU.ActiveCfg = Release|Any CPU
		{B0AA63AD-D3FF-401C-A06C-05D43A4A80E1}.Release|Any CPU.Build.0 = Release|Any CPU
		{5988187B-E108-4CCC-AE7A-9A51688231BE}.Debug|Any CPU.ActiveCfg = Debug|Any CPU
		{5988187B-E108-4CCC-AE7A-9A51688231BE}.Debug|Any CPU.Build.0 = Debug|Any CPU
		{5988187B-E108-4CCC-AE7A-9A51688231BE}.Release|Any CPU.ActiveCfg = Release|Any CPU
		{5988187B-E108-4CCC-AE7A-9A51688231BE}.Release|Any CPU.Build.0 = Release|Any CPU
		{B61B3844-D4D1-4104-B856-90B570136DE5}.Debug|Any CPU.ActiveCfg = Debug|Any CPU
		{B61B3844-D4D1-4104-B856-90B570136DE5}.Debug|Any CPU.Build.0 = Debug|Any CPU
		{B61B3844-D4D1-4104-B856-90B570136DE5}.Release|Any CPU.ActiveCfg = Release|Any CPU
		{B61B3844-D4D1-4104-B856-90B570136DE5}.Release|Any CPU.Build.0 = Release|Any CPU
		{A25168F5-E7F2-4081-9678-E2736B56CC59}.Debug|Any CPU.ActiveCfg = Debug|Any CPU
		{A25168F5-E7F2-4081-9678-E2736B56CC59}.Debug|Any CPU.Build.0 = Debug|Any CPU
		{A25168F5-E7F2-4081-9678-E2736B56CC59}.Release|Any CPU.ActiveCfg = Release|Any CPU
		{A25168F5-E7F2-4081-9678-E2736B56CC59}.Release|Any CPU.Build.0 = Release|Any CPU
		{DC70DB65-7B2A-4CF8-B6CD-7E9CB1CD4A1A}.Debug|Any CPU.ActiveCfg = Debug|Any CPU
		{DC70DB65-7B2A-4CF8-B6CD-7E9CB1CD4A1A}.Debug|Any CPU.Build.0 = Debug|Any CPU
		{DC70DB65-7B2A-4CF8-B6CD-7E9CB1CD4A1A}.Release|Any CPU.ActiveCfg = Release|Any CPU
		{DC70DB65-7B2A-4CF8-B6CD-7E9CB1CD4A1A}.Release|Any CPU.Build.0 = Release|Any CPU
	EndGlobalSection
	GlobalSection(SolutionProperties) = preSolution
		HideSolutionNode = FALSE
	EndGlobalSection
	GlobalSection(NestedProjects) = preSolution
		{BAA8A67A-D8B8-4CF7-8839-CFDBF1B4C4A3} = {17E91B69-4947-446D-AF27-6F1BA4AB0835}
		{3B6FB6CF-3702-4E17-AAB4-F8854DB24849} = {17E91B69-4947-446D-AF27-6F1BA4AB0835}
	EndGlobalSection
	GlobalSection(ExtensibilityGlobals) = postSolution
		SolutionGuid = {A999093A-C9A8-41B8-8B9D-FBC2DBAA676B}
	EndGlobalSection
EndGlobal
